// !$*UTF8*$!
{
	archiveVersion = 1;
	classes = {
	};
	objectVersion = 50;
	objects = {

/* Begin PBXBuildFile section */
		F5B7D7CB2467F49800602BA9 /* AppDelegate.swift in Sources */ = {isa = PBXBuildFile; fileRef = F5B7D7CA2467F49800602BA9 /* AppDelegate.swift */; };
		F5B7D7CD2467F49800602BA9 /* SceneDelegate.swift in Sources */ = {isa = PBXBuildFile; fileRef = F5B7D7CC2467F49800602BA9 /* SceneDelegate.swift */; };
		F5B7D7D22467F49800602BA9 /* CalculatorScreen.storyboard in Resources */ = {isa = PBXBuildFile; fileRef = F5B7D7D02467F49800602BA9 /* CalculatorScreen.storyboard */; };
		F5B7D7D42467F49A00602BA9 /* Assets.xcassets in Resources */ = {isa = PBXBuildFile; fileRef = F5B7D7D32467F49A00602BA9 /* Assets.xcassets */; };
		F5B7D7D72467F49A00602BA9 /* LaunchScreen.storyboard in Resources */ = {isa = PBXBuildFile; fileRef = F5B7D7D52467F49A00602BA9 /* LaunchScreen.storyboard */; };
		F5DBEFD42467F84C001533EF /* CalculatorScreenPresenter.swift in Sources */ = {isa = PBXBuildFile; fileRef = F5DBEFCD2467F84C001533EF /* CalculatorScreenPresenter.swift */; };
		F5DBEFD52467F84C001533EF /* CalculatorScreenWorker.swift in Sources */ = {isa = PBXBuildFile; fileRef = F5DBEFCE2467F84C001533EF /* CalculatorScreenWorker.swift */; };
		F5DBEFD62467F84C001533EF /* CalculatorScreenRouter.swift in Sources */ = {isa = PBXBuildFile; fileRef = F5DBEFCF2467F84C001533EF /* CalculatorScreenRouter.swift */; };
		F5DBEFD72467F84C001533EF /* CalculatorScreenModels.swift in Sources */ = {isa = PBXBuildFile; fileRef = F5DBEFD02467F84C001533EF /* CalculatorScreenModels.swift */; };
		F5DBEFD82467F84C001533EF /* CalculatorScreenViewController.swift in Sources */ = {isa = PBXBuildFile; fileRef = F5DBEFD12467F84C001533EF /* CalculatorScreenViewController.swift */; };
		F5DBEFD92467F84C001533EF /* CalculatorScreenInteractor.swift in Sources */ = {isa = PBXBuildFile; fileRef = F5DBEFD22467F84C001533EF /* CalculatorScreenInteractor.swift */; };
/* End PBXBuildFile section */

/* Begin PBXFileReference section */
		F5B7D7C72467F49800602BA9 /* calculator.app */ = {isa = PBXFileReference; explicitFileType = wrapper.application; includeInIndex = 0; path = calculator.app; sourceTree = BUILT_PRODUCTS_DIR; };
		F5B7D7CA2467F49800602BA9 /* AppDelegate.swift */ = {isa = PBXFileReference; lastKnownFileType = sourcecode.swift; path = AppDelegate.swift; sourceTree = "<group>"; };
		F5B7D7CC2467F49800602BA9 /* SceneDelegate.swift */ = {isa = PBXFileReference; lastKnownFileType = sourcecode.swift; path = SceneDelegate.swift; sourceTree = "<group>"; };
		F5B7D7D12467F49800602BA9 /* Base */ = {isa = PBXFileReference; lastKnownFileType = file.storyboard; name = Base; path = Base.lproj/CalculatorScreen.storyboard; sourceTree = "<group>"; };
		F5B7D7D32467F49A00602BA9 /* Assets.xcassets */ = {isa = PBXFileReference; lastKnownFileType = folder.assetcatalog; path = Assets.xcassets; sourceTree = "<group>"; };
		F5B7D7D62467F49A00602BA9 /* Base */ = {isa = PBXFileReference; lastKnownFileType = file.storyboard; name = Base; path = Base.lproj/LaunchScreen.storyboard; sourceTree = "<group>"; };
		F5B7D7D82467F49A00602BA9 /* Info.plist */ = {isa = PBXFileReference; lastKnownFileType = text.plist.xml; path = Info.plist; sourceTree = "<group>"; };
		F5DBEFCD2467F84C001533EF /* CalculatorScreenPresenter.swift */ = {isa = PBXFileReference; lastKnownFileType = sourcecode.swift; path = CalculatorScreenPresenter.swift; sourceTree = "<group>"; };
		F5DBEFCE2467F84C001533EF /* CalculatorScreenWorker.swift */ = {isa = PBXFileReference; lastKnownFileType = sourcecode.swift; path = CalculatorScreenWorker.swift; sourceTree = "<group>"; };
		F5DBEFCF2467F84C001533EF /* CalculatorScreenRouter.swift */ = {isa = PBXFileReference; lastKnownFileType = sourcecode.swift; path = CalculatorScreenRouter.swift; sourceTree = "<group>"; };
		F5DBEFD02467F84C001533EF /* CalculatorScreenModels.swift */ = {isa = PBXFileReference; lastKnownFileType = sourcecode.swift; path = CalculatorScreenModels.swift; sourceTree = "<group>"; };
		F5DBEFD12467F84C001533EF /* CalculatorScreenViewController.swift */ = {isa = PBXFileReference; lastKnownFileType = sourcecode.swift; path = CalculatorScreenViewController.swift; sourceTree = "<group>"; };
		F5DBEFD22467F84C001533EF /* CalculatorScreenInteractor.swift */ = {isa = PBXFileReference; lastKnownFileType = sourcecode.swift; path = CalculatorScreenInteractor.swift; sourceTree = "<group>"; };
/* End PBXFileReference section */

/* Begin PBXFrameworksBuildPhase section */
		F5B7D7C42467F49800602BA9 /* Frameworks */ = {
			isa = PBXFrameworksBuildPhase;
			buildActionMask = 2147483647;
			files = (
			);
			runOnlyForDeploymentPostprocessing = 0;
		};
/* End PBXFrameworksBuildPhase section */

/* Begin PBXGroup section */
		F5B7D7BE2467F49800602BA9 = {
			isa = PBXGroup;
			children = (
				F5B7D7C92467F49800602BA9 /* calculator */,
				F5B7D7C82467F49800602BA9 /* Products */,
			);
			sourceTree = "<group>";
		};
		F5B7D7C82467F49800602BA9 /* Products */ = {
			isa = PBXGroup;
			children = (
				F5B7D7C72467F49800602BA9 /* calculator.app */,
			);
			name = Products;
			sourceTree = "<group>";
		};
		F5B7D7C92467F49800602BA9 /* calculator */ = {
			isa = PBXGroup;
			children = (
				F5B7D7CA2467F49800602BA9 /* AppDelegate.swift */,
				F5B7D7CC2467F49800602BA9 /* SceneDelegate.swift */,
				F5B7D7D32467F49A00602BA9 /* Assets.xcassets */,
				F5DBEFDB2467F862001533EF /* CalculatorScreen */,
				F5B7D7D52467F49A00602BA9 /* LaunchScreen.storyboard */,
				F5B7D7D82467F49A00602BA9 /* Info.plist */,
			);
			path = calculator;
			sourceTree = "<group>";
		};
		F5DBEFDB2467F862001533EF /* CalculatorScreen */ = {
			isa = PBXGroup;
			children = (
				F5DBEFCD2467F84C001533EF /* CalculatorScreenPresenter.swift */,
				F5DBEFCE2467F84C001533EF /* CalculatorScreenWorker.swift */,
				F5DBEFCF2467F84C001533EF /* CalculatorScreenRouter.swift */,
				F5DBEFD02467F84C001533EF /* CalculatorScreenModels.swift */,
				F5DBEFD12467F84C001533EF /* CalculatorScreenViewController.swift */,
				F5DBEFD22467F84C001533EF /* CalculatorScreenInteractor.swift */,
				F5B7D7D02467F49800602BA9 /* CalculatorScreen.storyboard */,
			);
			path = CalculatorScreen;
			sourceTree = "<group>";
		};
/* End PBXGroup section */

/* Begin PBXNativeTarget section */
		F5B7D7C62467F49800602BA9 /* calculator */ = {
			isa = PBXNativeTarget;
			buildConfigurationList = F5B7D7DB2467F49A00602BA9 /* Build configuration list for PBXNativeTarget "calculator" */;
			buildPhases = (
				F5B7D7C32467F49800602BA9 /* Sources */,
				F5B7D7C42467F49800602BA9 /* Frameworks */,
				F5B7D7C52467F49800602BA9 /* Resources */,
			);
			buildRules = (
			);
			dependencies = (
			);
			name = calculator;
			productName = calculator;
			productReference = F5B7D7C72467F49800602BA9 /* calculator.app */;
			productType = "com.apple.product-type.application";
		};
/* End PBXNativeTarget section */

/* Begin PBXProject section */
		F5B7D7BF2467F49800602BA9 /* Project object */ = {
			isa = PBXProject;
			attributes = {
				LastSwiftUpdateCheck = 1140;
				LastUpgradeCheck = 1140;
				ORGANIZATIONNAME = "Ilya Latugovskii";
				TargetAttributes = {
					F5B7D7C62467F49800602BA9 = {
						CreatedOnToolsVersion = 11.4.1;
					};
				};
			};
			buildConfigurationList = F5B7D7C22467F49800602BA9 /* Build configuration list for PBXProject "calculator" */;
			compatibilityVersion = "Xcode 9.3";
			developmentRegion = en;
			hasScannedForEncodings = 0;
			knownRegions = (
				en,
				Base,
			);
			mainGroup = F5B7D7BE2467F49800602BA9;
			productRefGroup = F5B7D7C82467F49800602BA9 /* Products */;
			projectDirPath = "";
			projectRoot = "";
			targets = (
				F5B7D7C62467F49800602BA9 /* calculator */,
			);
		};
/* End PBXProject section */

/* Begin PBXResourcesBuildPhase section */
		F5B7D7C52467F49800602BA9 /* Resources */ = {
			isa = PBXResourcesBuildPhase;
			buildActionMask = 2147483647;
			files = (
				F5B7D7D72467F49A00602BA9 /* LaunchScreen.storyboard in Resources */,
				F5B7D7D42467F49A00602BA9 /* Assets.xcassets in Resources */,
				F5B7D7D22467F49800602BA9 /* CalculatorScreen.storyboard in Resources */,
			);
			runOnlyForDeploymentPostprocessing = 0;
		};
/* End PBXResourcesBuildPhase section */

/* Begin PBXSourcesBuildPhase section */
		F5B7D7C32467F49800602BA9 /* Sources */ = {
			isa = PBXSourcesBuildPhase;
			buildActionMask = 2147483647;
			files = (
				F5DBEFD92467F84C001533EF /* CalculatorScreenInteractor.swift in Sources */,
				F5DBEFD42467F84C001533EF /* CalculatorScreenPresenter.swift in Sources */,
				F5DBEFD72467F84C001533EF /* CalculatorScreenModels.swift in Sources */,
				F5DBEFD82467F84C001533EF /* CalculatorScreenViewController.swift in Sources */,
				F5B7D7CB2467F49800602BA9 /* AppDelegate.swift in Sources */,
				F5B7D7CD2467F49800602BA9 /* SceneDelegate.swift in Sources */,
				F5DBEFD62467F84C001533EF /* CalculatorScreenRouter.swift in Sources */,
				F5DBEFD52467F84C001533EF /* CalculatorScreenWorker.swift in Sources */,
			);
			runOnlyForDeploymentPostprocessing = 0;
		};
/* End PBXSourcesBuildPhase section */

/* Begin PBXVariantGroup section */
		F5B7D7D02467F49800602BA9 /* CalculatorScreen.storyboard */ = {
			isa = PBXVariantGroup;
			children = (
				F5B7D7D12467F49800602BA9 /* Base */,
			);
			name = CalculatorScreen.storyboard;
			sourceTree = "<group>";
		};
		F5B7D7D52467F49A00602BA9 /* LaunchScreen.storyboard */ = {
			isa = PBXVariantGroup;
			children = (
				F5B7D7D62467F49A00602BA9 /* Base */,
			);
			name = LaunchScreen.storyboard;
			sourceTree = "<group>";
		};
/* End PBXVariantGroup section */

/* Begin XCBuildConfiguration section */
		F5B7D7D92467F49A00602BA9 /* Debug */ = {
			isa = XCBuildConfiguration;
			buildSettings = {
				ALWAYS_SEARCH_USER_PATHS = NO;
				CLANG_ANALYZER_NONNULL = YES;
				CLANG_ANALYZER_NUMBER_OBJECT_CONVERSION = YES_AGGRESSIVE;
				CLANG_CXX_LANGUAGE_STANDARD = "gnu++14";
				CLANG_CXX_LIBRARY = "libc++";
				CLANG_ENABLE_MODULES = YES;
				CLANG_ENABLE_OBJC_ARC = YES;
				CLANG_ENABLE_OBJC_WEAK = YES;
				CLANG_WARN_BLOCK_CAPTURE_AUTORELEASING = YES;
				CLANG_WARN_BOOL_CONVERSION = YES;
				CLANG_WARN_COMMA = YES;
				CLANG_WARN_CONSTANT_CONVERSION = YES;
				CLANG_WARN_DEPRECATED_OBJC_IMPLEMENTATIONS = YES;
				CLANG_WARN_DIRECT_OBJC_ISA_USAGE = YES_ERROR;
				CLANG_WARN_DOCUMENTATION_COMMENTS = YES;
				CLANG_WARN_EMPTY_BODY = YES;
				CLANG_WARN_ENUM_CONVERSION = YES;
				CLANG_WARN_INFINITE_RECURSION = YES;
				CLANG_WARN_INT_CONVERSION = YES;
				CLANG_WARN_NON_LITERAL_NULL_CONVERSION = YES;
				CLANG_WARN_OBJC_IMPLICIT_RETAIN_SELF = YES;
				CLANG_WARN_OBJC_LITERAL_CONVERSION = YES;
				CLANG_WARN_OBJC_ROOT_CLASS = YES_ERROR;
				CLANG_WARN_RANGE_LOOP_ANALYSIS = YES;
				CLANG_WARN_STRICT_PROTOTYPES = YES;
				CLANG_WARN_SUSPICIOUS_MOVE = YES;
				CLANG_WARN_UNGUARDED_AVAILABILITY = YES_AGGRESSIVE;
				CLANG_WARN_UNREACHABLE_CODE = YES;
				CLANG_WARN__DUPLICATE_METHOD_MATCH = YES;
				COPY_PHASE_STRIP = NO;
				DEBUG_INFORMATION_FORMAT = dwarf;
				ENABLE_STRICT_OBJC_MSGSEND = YES;
				ENABLE_TESTABILITY = YES;
				GCC_C_LANGUAGE_STANDARD = gnu11;
				GCC_DYNAMIC_NO_PIC = NO;
				GCC_NO_COMMON_BLOCKS = YES;
				GCC_OPTIMIZATION_LEVEL = 0;
				GCC_PREPROCESSOR_DEFINITIONS = (
					"DEBUG=1",
					"$(inherited)",
				);
				GCC_WARN_64_TO_32_BIT_CONVERSION = YES;
				GCC_WARN_ABOUT_RETURN_TYPE = YES_ERROR;
				GCC_WARN_UNDECLARED_SELECTOR = YES;
				GCC_WARN_UNINITIALIZED_AUTOS = YES_AGGRESSIVE;
				GCC_WARN_UNUSED_FUNCTION = YES;
				GCC_WARN_UNUSED_VARIABLE = YES;
				IPHONEOS_DEPLOYMENT_TARGET = 13.4;
				MTL_ENABLE_DEBUG_INFO = INCLUDE_SOURCE;
				MTL_FAST_MATH = YES;
				ONLY_ACTIVE_ARCH = YES;
				SDKROOT = iphoneos;
				SWIFT_ACTIVE_COMPILATION_CONDITIONS = DEBUG;
				SWIFT_OPTIMIZATION_LEVEL = "-Onone";
			};
			name = Debug;
		};
		F5B7D7DA2467F49A00602BA9 /* Release */ = {
			isa = XCBuildConfiguration;
			buildSettings = {
				ALWAYS_SEARCH_USER_PATHS = NO;
				CLANG_ANALYZER_NONNULL = YES;
				CLANG_ANALYZER_NUMBER_OBJECT_CONVERSION = YES_AGGRESSIVE;
				CLANG_CXX_LANGUAGE_STANDARD = "gnu++14";
				CLANG_CXX_LIBRARY = "libc++";
				CLANG_ENABLE_MODULES = YES;
				CLANG_ENABLE_OBJC_ARC = YES;
				CLANG_ENABLE_OBJC_WEAK = YES;
				CLANG_WARN_BLOCK_CAPTURE_AUTORELEASING = YES;
				CLANG_WARN_BOOL_CONVERSION = YES;
				CLANG_WARN_COMMA = YES;
				CLANG_WARN_CONSTANT_CONVERSION = YES;
				CLANG_WARN_DEPRECATED_OBJC_IMPLEMENTATIONS = YES;
				CLANG_WARN_DIRECT_OBJC_ISA_USAGE = YES_ERROR;
				CLANG_WARN_DOCUMENTATION_COMMENTS = YES;
				CLANG_WARN_EMPTY_BODY = YES;
				CLANG_WARN_ENUM_CONVERSION = YES;
				CLANG_WARN_INFINITE_RECURSION = YES;
				CLANG_WARN_INT_CONVERSION = YES;
				CLANG_WARN_NON_LITERAL_NULL_CONVERSION = YES;
				CLANG_WARN_OBJC_IMPLICIT_RETAIN_SELF = YES;
				CLANG_WARN_OBJC_LITERAL_CONVERSION = YES;
				CLANG_WARN_OBJC_ROOT_CLASS = YES_ERROR;
				CLANG_WARN_RANGE_LOOP_ANALYSIS = YES;
				CLANG_WARN_STRICT_PROTOTYPES = YES;
				CLANG_WARN_SUSPICIOUS_MOVE = YES;
				CLANG_WARN_UNGUARDED_AVAILABILITY = YES_AGGRESSIVE;
				CLANG_WARN_UNREACHABLE_CODE = YES;
				CLANG_WARN__DUPLICATE_METHOD_MATCH = YES;
				COPY_PHASE_STRIP = NO;
				DEBUG_INFORMATION_FORMAT = "dwarf-with-dsym";
				ENABLE_NS_ASSERTIONS = NO;
				ENABLE_STRICT_OBJC_MSGSEND = YES;
				GCC_C_LANGUAGE_STANDARD = gnu11;
				GCC_NO_COMMON_BLOCKS = YES;
				GCC_WARN_64_TO_32_BIT_CONVERSION = YES;
				GCC_WARN_ABOUT_RETURN_TYPE = YES_ERROR;
				GCC_WARN_UNDECLARED_SELECTOR = YES;
				GCC_WARN_UNINITIALIZED_AUTOS = YES_AGGRESSIVE;
				GCC_WARN_UNUSED_FUNCTION = YES;
				GCC_WARN_UNUSED_VARIABLE = YES;
				IPHONEOS_DEPLOYMENT_TARGET = 13.4;
				MTL_ENABLE_DEBUG_INFO = NO;
				MTL_FAST_MATH = YES;
				SDKROOT = iphoneos;
				SWIFT_COMPILATION_MODE = wholemodule;
				SWIFT_OPTIMIZATION_LEVEL = "-O";
				VALIDATE_PRODUCT = YES;
			};
			name = Release;
		};
		F5B7D7DC2467F49A00602BA9 /* Debug */ = {
			isa = XCBuildConfiguration;
			buildSettings = {
				ASSETCATALOG_COMPILER_APPICON_NAME = AppIcon;
				CODE_SIGN_STYLE = Automatic;
				INFOPLIST_FILE = calculator/Info.plist;
				LD_RUNPATH_SEARCH_PATHS = (
					"$(inherited)",
					"@executable_path/Frameworks",
				);
				PRODUCT_BUNDLE_IDENTIFIER = g.calculator;
				PRODUCT_NAME = "$(TARGET_NAME)";
				SWIFT_VERSION = 5.0;
				TARGETED_DEVICE_FAMILY = "1,2";
			};
			name = Debug;
		};
		F5B7D7DD2467F49A00602BA9 /* Release */ = {
			isa = XCBuildConfiguration;
			buildSettings = {
				ASSETCATALOG_COMPILER_APPICON_NAME = AppIcon;
				CODE_SIGN_STYLE = Automatic;
				INFOPLIST_FILE = calculator/Info.plist;
				LD_RUNPATH_SEARCH_PATHS = (
					"$(inherited)",
					"@executable_path/Frameworks",
				);
				PRODUCT_BUNDLE_IDENTIFIER = g.calculator;
				PRODUCT_NAME = "$(TARGET_NAME)";
				SWIFT_VERSION = 5.0;
				TARGETED_DEVICE_FAMILY = "1,2";
			};
			name = Release;
		};
/* End XCBuildConfiguration section */

/* Begin XCConfigurationList section */
		F5B7D7C22467F49800602BA9 /* Build configuration list for PBXProject "calculator" */ = {
			isa = XCConfigurationList;
			buildConfigurations = (
				F5B7D7D92467F49A00602BA9 /* Debug */,
				F5B7D7DA2467F49A00602BA9 /* Release */,
			);
			defaultConfigurationIsVisible = 0;
			defaultConfigurationName = Release;
		};
		F5B7D7DB2467F49A00602BA9 /* Build configuration list for PBXNativeTarget "calculator" */ = {
			isa = XCConfigurationList;
			buildConfigurations = (
				F5B7D7DC2467F49A00602BA9 /* Debug */,
				F5B7D7DD2467F49A00602BA9 /* Release */,
			);
			defaultConfigurationIsVisible = 0;
			defaultConfigurationName = Release;
		};
/* End XCConfigurationList section */
	};
	rootObject = F5B7D7BF2467F49800602BA9 /* Project object */;
}
